
Microsoft Visual Studio Solution File, Format Version 12.00
# Visual Studio Version 16
VisualStudioVersion = 16.0.28803.202
MinimumVisualStudioVersion = 10.0.40219.1
Project("{FAE04EC0-301F-11D3-BF4B-00C04F79EFBC}") = "HelloWorld", "HelloWorld\HelloWorld.csproj", "{0A885B4E-2AEE-4C8E-B04B-502C9238C9D8}"
EndProject
Global
	GlobalSection(SolutionConfigurationPlatforms) = preSolution
		Debug|Any CPU = Debug|Any CPU
		Release|Any CPU = Release|Any CPU
	EndGlobalSection
	GlobalSection(ProjectConfigurationPlatforms) = postSolution
		{0A885B4E-2AEE-4C8E-B04B-502C9238C9D8}.Debug|Any CPU.ActiveCfg = Debug|Any CPU
		{0A885B4E-2AEE-4C8E-B04B-502C9238C9D8}.Debug|Any CPU.Build.0 = Debug|Any CPU
		{0A885B4E-2AEE-4C8E-B04B-502C9238C9D8}.Release|Any CPU.ActiveCfg = Release|Any CPU
		{0A885B4E-2AEE-4C8E-B04B-502C9238C9D8}.Release|Any CPU.Build.0 = Release|Any CPU
	EndGlobalSection
	GlobalSection(SolutionProperties) = preSolution
		HideSolutionNode = FALSE
	EndGlobalSection
	GlobalSection(ExtensibilityGlobals) = postSolution
		SolutionGuid = {BCB7C808-8CB4-46D7-8D29-3702DDAE65A8}
	EndGlobalSection
EndGlobal
