
Microsoft Visual Studio Solution File, Format Version 12.00
# Visual Studio Version 16
VisualStudioVersion = 16.0.28922.388
MinimumVisualStudioVersion = 10.0.40219.1
Project("{FAE04EC0-301F-11D3-BF4B-00C04F79EFBC}") = "GenericDemo", "GenericDemo\GenericDemo.csproj", "{62BF71A9-4FF8-487E-BF29-5CBB518B3EEB}"
EndProject
Global
	GlobalSection(SolutionConfigurationPlatforms) = preSolution
		Debug|Any CPU = Debug|Any CPU
		Release|Any CPU = Release|Any CPU
	EndGlobalSection
	GlobalSection(ProjectConfigurationPlatforms) = postSolution
		{62BF71A9-4FF8-487E-BF29-5CBB518B3EEB}.Debug|Any CPU.ActiveCfg = Debug|Any CPU
		{62BF71A9-4FF8-487E-BF29-5CBB518B3EEB}.Debug|Any CPU.Build.0 = Debug|Any CPU
		{62BF71A9-4FF8-487E-BF29-5CBB518B3EEB}.Release|Any CPU.ActiveCfg = Release|Any CPU
		{62BF71A9-4FF8-487E-BF29-5CBB518B3EEB}.Release|Any CPU.Build.0 = Release|Any CPU
	EndGlobalSection
	GlobalSection(SolutionProperties) = preSolution
		HideSolutionNode = FALSE
	EndGlobalSection
	GlobalSection(ExtensibilityGlobals) = postSolution
		SolutionGuid = {368AEC8C-A8ED-4D73-92BC-9C0A88703EEB}
	EndGlobalSection
EndGlobal
