
Microsoft Visual Studio Solution File, Format Version 12.00
# Visual Studio Version 16
VisualStudioVersion = 16.0.28803.202
MinimumVisualStudioVersion = 10.0.40219.1
Project("{FAE04EC0-301F-11D3-BF4B-00C04F79EFBC}") = "SutDa", "SutDa\SutDa.csproj", "{539D5979-3F87-469E-9D8C-8028CD92B9B1}"
EndProject
Global
	GlobalSection(SolutionConfigurationPlatforms) = preSolution
		Debug|Any CPU = Debug|Any CPU
		Release|Any CPU = Release|Any CPU
	EndGlobalSection
	GlobalSection(ProjectConfigurationPlatforms) = postSolution
		{539D5979-3F87-469E-9D8C-8028CD92B9B1}.Debug|Any CPU.ActiveCfg = Debug|Any CPU
		{539D5979-3F87-469E-9D8C-8028CD92B9B1}.Debug|Any CPU.Build.0 = Debug|Any CPU
		{539D5979-3F87-469E-9D8C-8028CD92B9B1}.Release|Any CPU.ActiveCfg = Release|Any CPU
		{539D5979-3F87-469E-9D8C-8028CD92B9B1}.Release|Any CPU.Build.0 = Release|Any CPU
	EndGlobalSection
	GlobalSection(SolutionProperties) = preSolution
		HideSolutionNode = FALSE
	EndGlobalSection
	GlobalSection(ExtensibilityGlobals) = postSolution
		SolutionGuid = {83106247-1AF6-48BC-8A75-0D1301157A67}
	EndGlobalSection
EndGlobal
