
Microsoft Visual Studio Solution File, Format Version 12.00
# Visual Studio Version 16
VisualStudioVersion = 16.0.28917.181
MinimumVisualStudioVersion = 10.0.40219.1
Project("{FAE04EC0-301F-11D3-BF4B-00C04F79EFBC}") = "GenericExample", "GenericExample\GenericExample.csproj", "{8CACBEC9-1B77-4778-8DB6-47957B7BE448}"
EndProject
Global
	GlobalSection(SolutionConfigurationPlatforms) = preSolution
		Debug|Any CPU = Debug|Any CPU
		Release|Any CPU = Release|Any CPU
	EndGlobalSection
	GlobalSection(ProjectConfigurationPlatforms) = postSolution
		{8CACBEC9-1B77-4778-8DB6-47957B7BE448}.Debug|Any CPU.ActiveCfg = Debug|Any CPU
		{8CACBEC9-1B77-4778-8DB6-47957B7BE448}.Debug|Any CPU.Build.0 = Debug|Any CPU
		{8CACBEC9-1B77-4778-8DB6-47957B7BE448}.Release|Any CPU.ActiveCfg = Release|Any CPU
		{8CACBEC9-1B77-4778-8DB6-47957B7BE448}.Release|Any CPU.Build.0 = Release|Any CPU
	EndGlobalSection
	GlobalSection(SolutionProperties) = preSolution
		HideSolutionNode = FALSE
	EndGlobalSection
	GlobalSection(ExtensibilityGlobals) = postSolution
		SolutionGuid = {F4B18681-7DF4-4D04-9FB2-304ADEFB542B}
	EndGlobalSection
EndGlobal
